
Microsoft Visual Studio Solution File, Format Version 12.00
# Visual Studio Version 16
VisualStudioVersion = 16.0.30907.101
MinimumVisualStudioVersion = 10.0.40219.1
Project("{FAE04EC0-301F-11D3-BF4B-00C04F79EFBC}") = "SynapseBot", "SynapseBot\SynapseBot.csproj", "{FBA9B950-504F-43B9-B890-6C3FAF8DEE71}"
EndProject
Global
	GlobalSection(SolutionConfigurationPlatforms) = preSolution
		Debug|Any CPU = Debug|Any CPU
		Release|Any CPU = Release|Any CPU
	EndGlobalSection
	GlobalSection(ProjectConfigurationPlatforms) = postSolution
		{FBA9B950-504F-43B9-B890-6C3FAF8DEE71}.Debug|Any CPU.ActiveCfg = Debug|Any CPU
		{FBA9B950-504F-43B9-B890-6C3FAF8DEE71}.Debug|Any CPU.Build.0 = Debug|Any CPU
		{FBA9B950-504F-43B9-B890-6C3FAF8DEE71}.Release|Any CPU.ActiveCfg = Release|Any CPU
		{FBA9B950-504F-43B9-B890-6C3FAF8DEE71}.Release|Any CPU.Build.0 = Release|Any CPU
	EndGlobalSection
	GlobalSection(SolutionProperties) = preSolution
		HideSolutionNode = FALSE
	EndGlobalSection
	GlobalSection(ExtensibilityGlobals) = postSolution
		SolutionGuid = {79EDED14-49F1-4465-8FFE-337D9F8736E3}
	EndGlobalSection
EndGlobal
